
Microsoft Visual Studio Solution File, Format Version 12.00
# Visual Studio 14
VisualStudioVersion = 14.0.24720.0
MinimumVisualStudioVersion = 10.0.40219.1
Project("{FAE04EC0-301F-11D3-BF4B-00C04F79EFBC}") = "PSHandHistoryManager", "PSHandHistoryManager\PSHandHistoryManager.csproj", "{EEA277ED-1DBC-4F04-87F2-597266A29DC6}"
EndProject
Project("{FAE04EC0-301F-11D3-BF4B-00C04F79EFBC}") = "PSHandManagerLib", "PSHandManagerLib\PSHandManagerLib.csproj", "{AD56215F-D49B-4885-90AD-BF705A357AB5}"
EndProject
Project("{2150E333-8FDC-42A3-9474-1A3956D46DE8}") = "Solution Items", "Solution Items", "{211FF190-6079-4A57-837D-B2A68FE75CE4}"
	ProjectSection(SolutionItems) = preProject
		.gitignore = .gitignore
		LICENCE = LICENCE
		README.md = README.md
	EndProjectSection
EndProject
Global
	GlobalSection(SolutionConfigurationPlatforms) = preSolution
		Debug|Any CPU = Debug|Any CPU
		Release|Any CPU = Release|Any CPU
	EndGlobalSection
	GlobalSection(ProjectConfigurationPlatforms) = postSolution
		{EEA277ED-1DBC-4F04-87F2-597266A29DC6}.Debug|Any CPU.ActiveCfg = Debug|Any CPU
		{EEA277ED-1DBC-4F04-87F2-597266A29DC6}.Debug|Any CPU.Build.0 = Debug|Any CPU
		{EEA277ED-1DBC-4F04-87F2-597266A29DC6}.Release|Any CPU.ActiveCfg = Release|Any CPU
		{EEA277ED-1DBC-4F04-87F2-597266A29DC6}.Release|Any CPU.Build.0 = Release|Any CPU
		{AD56215F-D49B-4885-90AD-BF705A357AB5}.Debug|Any CPU.ActiveCfg = Debug|Any CPU
		{AD56215F-D49B-4885-90AD-BF705A357AB5}.Debug|Any CPU.Build.0 = Debug|Any CPU
		{AD56215F-D49B-4885-90AD-BF705A357AB5}.Release|Any CPU.ActiveCfg = Release|Any CPU
		{AD56215F-D49B-4885-90AD-BF705A357AB5}.Release|Any CPU.Build.0 = Release|Any CPU
	EndGlobalSection
	GlobalSection(SolutionProperties) = preSolution
		HideSolutionNode = FALSE
	EndGlobalSection
EndGlobal
